{
  "version": 4,
  "terraform_version": "1.10.5",
  "serial": 6,
  "lineage": "9126ad80-a217-3db3-495e-26e934bd3b55",
  "outputs": {
    "srv_external_ip": {
      "value": "62.84.119.172",
      "type": "string"
    }
  },
  "resources": [
    {
      "mode": "managed",
      "type": "yandex_compute_instance",
      "name": "srv",
      "provider": "provider[\"registry.terraform.io/yandex-cloud/yandex\"]",
      "instances": [
        {
          "schema_version": 1,
          "attributes": {
            "allow_stopping_for_update": null,
            "boot_disk": [
              {
                "auto_delete": true,
                "device_name": "fhm9hfogeo62casbak7r",
                "disk_id": "fhm9hfogeo62casbak7r",
                "initialize_params": [
                  {
                    "description": "",
                    "image_id": "fd805090je9atk2b9jon",
                    "name": "",
                    "size": 30,
                    "snapshot_id": "",
                    "type": "network-hdd"
                  }
                ],
                "mode": "READ_WRITE"
              }
            ],
            "created_at": "2025-06-10T03:42:46Z",
            "description": "",
            "folder_id": "b1g9gia03e338isbg8d4",
            "fqdn": "fhme5lqebgt8smng0edc.auto.internal",
            "hostname": "fhme5lqebgt8smng0edc",
            "id": "fhme5lqebgt8smng0edc",
            "labels": null,
            "metadata": {
              "ssh-keys": "ubuntu:ssh-rsa AAAAB3NzaC1yc2EAAAADAQABAAACAQDCVmq/9VV4qecsK/Q/O1/44NEnhtNygwWYC1OwECHVUeGgZ2IY0tS9S06SiLy0BTwks4XdEjNDOwMLpF8WmD8a8eAXT15CuGp42QkwW/llJeyeD8BCcIhQ6vn2ycmGqOKlw6579Ni1202qp/bd8t2O+S+Wjo6XgsxTnyfnZ4OBHqxDrGqBxfgjd810L5HiemirTq5bvgd0HInwbqhumDJx3hgth//g94QEfYw4vblZe4mmOZ2djffCRh8oAXE/mmZUp8JtnUEEVhl7K7lvA6PxBcHeEougwWMpD7jO/hls+EukUb1S7ujyAFP40M1G4Iiu5VvRTDE5pY/lXE18RF0k5AXvAMifplculNayTWshD+cAdY+nJbT63vcitwYMv5iqrpVaCUouh1eKo5Gp/aBjRdehTucUphezXqXaOSEkQLLLGLvafpWaaALrdjnm8HCuxUBGh318Pmj+0iMZNsH53d42/AgSfWGltwNlLeyOMQfT6d0xA76x+y7/ISN7VhyEAp3Pj/BLA+l7dsVEdu6T+Q1vM9Uz2yLrf1KHvXEtPDwh4aMSVS7c28ltRz9Ny0twpj9KAIv3CkojtoSYKI0DTWyTkRSjOwzTjCBjHe60Uz/AWUHFyLrnQFTUYGbOxBzaq/P5pMQMC0r8rXBkNaxPKoJ5RtCZ+w0vNJCxERh17w== jobfinder77@mail.ru\n"
            },
            "name": "srv",
            "network_acceleration_type": "standard",
            "network_interface": [
              {
                "dns_record": [],
                "index": 0,
                "ip_address": "192.168.10.17",
                "ipv4": true,
                "ipv6": false,
                "ipv6_address": "",
                "ipv6_dns_record": [],
                "mac_address": "d0:0d:e2:d7:4e:5c",
                "nat": true,
                "nat_dns_record": [],
                "nat_ip_address": "62.84.119.172",
                "nat_ip_version": "IPV4",
                "security_group_ids": [],
                "subnet_id": "e9bikfio0pffi3u1s3de"
              }
            ],
            "placement_policy": [
              {
                "placement_group_id": ""
              }
            ],
            "platform_id": "standard-v3",
            "resources": [
              {
                "core_fraction": 100,
                "cores": 2,
                "gpus": 0,
                "memory": 4
              }
            ],
            "scheduling_policy": [
              {
                "preemptible": false
              }
            ],
            "secondary_disk": [],
            "service_account_id": "",
            "status": "running",
            "timeouts": null,
            "zone": "ru-central1-a"
          },
          "sensitive_attributes": [],
          "private": "eyJlMmJmYjczMC1lY2FhLTExZTYtOGY4OC0zNDM2M2JjN2M0YzAiOnsiY3JlYXRlIjozMDAwMDAwMDAwMDAsImRlbGV0ZSI6MzAwMDAwMDAwMDAwLCJ1cGRhdGUiOjMwMDAwMDAwMDAwMH0sInNjaGVtYV92ZXJzaW9uIjoiMSJ9",
          "dependencies": [
            "yandex_vpc_network.main",
            "yandex_vpc_subnet.main"
          ]
        }
      ]
    },
    {
      "mode": "managed",
      "type": "yandex_vpc_network",
      "name": "main",
      "provider": "provider[\"registry.terraform.io/yandex-cloud/yandex\"]",
      "instances": [
        {
          "schema_version": 0,
          "attributes": {
            "created_at": "2025-06-10T03:36:52Z",
            "default_security_group_id": "enp529ant21612bqoa31",
            "description": "",
            "folder_id": "b1g9gia03e338isbg8d4",
            "id": "enpddbestv7c12f76ig0",
            "labels": {},
            "name": "main-network",
            "subnet_ids": [
              "e9bikfio0pffi3u1s3de"
            ],
            "timeouts": null
          },
          "sensitive_attributes": [],
          "private": "eyJlMmJmYjczMC1lY2FhLTExZTYtOGY4OC0zNDM2M2JjN2M0YzAiOnsiY3JlYXRlIjo2MDAwMDAwMDAwMCwiZGVsZXRlIjo2MDAwMDAwMDAwMCwidXBkYXRlIjo2MDAwMDAwMDAwMH19"
        }
      ]
    },
    {
      "mode": "managed",
      "type": "yandex_vpc_subnet",
      "name": "main",
      "provider": "provider[\"registry.terraform.io/yandex-cloud/yandex\"]",
      "instances": [
        {
          "schema_version": 0,
          "attributes": {
            "created_at": "2025-06-10T03:36:55Z",
            "description": "",
            "dhcp_options": [],
            "folder_id": "b1g9gia03e338isbg8d4",
            "id": "e9bikfio0pffi3u1s3de",
            "labels": {},
            "name": "main-subnet-a",
            "network_id": "enpddbestv7c12f76ig0",
            "route_table_id": "",
            "timeouts": null,
            "v4_cidr_blocks": [
              "192.168.10.0/24"
            ],
            "v6_cidr_blocks": [],
            "zone": "ru-central1-a"
          },
          "sensitive_attributes": [],
          "private": "eyJlMmJmYjczMC1lY2FhLTExZTYtOGY4OC0zNDM2M2JjN2M0YzAiOnsiY3JlYXRlIjoxODAwMDAwMDAwMDAsImRlbGV0ZSI6MTgwMDAwMDAwMDAwLCJ1cGRhdGUiOjE4MDAwMDAwMDAwMH19",
          "dependencies": [
            "yandex_vpc_network.main"
          ]
        }
      ]
    }
  ],
  "check_results": null
}
